
Microsoft Visual Studio Solution File, Format Version 12.00
# Visual Studio Version 17
VisualStudioVersion = 17.0.31903.59
MinimumVisualStudioVersion = 10.0.40219.1
Project("{2150E333-8FDC-42A3-9474-1A3956D46DE8}") = "src", "src", "{827E0CD3-B72D-47B6-A68D-7590B98EB39B}"
EndProject
Project("{FAE04EC0-301F-11D3-BF4B-00C04F79EFBC}") = "Aviqora.Domain", "src\Aviqora.Domain\Aviqora.Domain.csproj", "{B42D322B-FD9E-4063-9262-C3BC0BFA8DAD}"
EndProject
Project("{FAE04EC0-301F-11D3-BF4B-00C04F79EFBC}") = "Aviqora.Application", "src\Aviqora.Application\Aviqora.Application.csproj", "{80872AF3-0F06-4AD5-9645-B6FE98F4F0EF}"
EndProject
Project("{FAE04EC0-301F-11D3-BF4B-00C04F79EFBC}") = "Aviqora.Infrastructure", "src\Aviqora.Infrastructure\Aviqora.Infrastructure.csproj", "{54A26214-3991-42F8-B82D-F7CCEB2F280B}"
EndProject
Project("{FAE04EC0-301F-11D3-BF4B-00C04F79EFBC}") = "Aviqora.Api", "src\Aviqora.Api\Aviqora.Api.csproj", "{69792C6D-90ED-490B-B109-B6DD18B9C024}"
EndProject
Project("{FAE04EC0-301F-11D3-BF4B-00C04F79EFBC}") = "Aviqora.UnitTests", "tests\Aviqora.UnitTests\Aviqora.UnitTests.csproj", "{835FFB50-4D86-4315-B313-E735C92C34A4}"
EndProject
Project("{FAE04EC0-301F-11D3-BF4B-00C04F79EFBC}") = "Aviqora.IntegrationTests", "tests\Aviqora.IntegrationTests\Aviqora.IntegrationTests.csproj", "{C64B876E-AED3-41C5-AE14-569367E876E7}"
EndProject
Global
	GlobalSection(SolutionConfigurationPlatforms) = preSolution
		Debug|Any CPU = Debug|Any CPU
		Debug|x64 = Debug|x64
		Debug|x86 = Debug|x86
		Release|Any CPU = Release|Any CPU
		Release|x64 = Release|x64
		Release|x86 = Release|x86
	EndGlobalSection
	GlobalSection(ProjectConfigurationPlatforms) = postSolution
		{B42D322B-FD9E-4063-9262-C3BC0BFA8DAD}.Debug|Any CPU.ActiveCfg = Debug|Any CPU
		{B42D322B-FD9E-4063-9262-C3BC0BFA8DAD}.Debug|Any CPU.Build.0 = Debug|Any CPU
		{B42D322B-FD9E-4063-9262-C3BC0BFA8DAD}.Debug|x64.ActiveCfg = Debug|Any CPU
		{B42D322B-FD9E-4063-9262-C3BC0BFA8DAD}.Debug|x64.Build.0 = Debug|Any CPU
		{B42D322B-FD9E-4063-9262-C3BC0BFA8DAD}.Debug|x86.ActiveCfg = Debug|Any CPU
		{B42D322B-FD9E-4063-9262-C3BC0BFA8DAD}.Debug|x86.Build.0 = Debug|Any CPU
		{B42D322B-FD9E-4063-9262-C3BC0BFA8DAD}.Release|Any CPU.ActiveCfg = Release|Any CPU
		{B42D322B-FD9E-4063-9262-C3BC0BFA8DAD}.Release|Any CPU.Build.0 = Release|Any CPU
		{B42D322B-FD9E-4063-9262-C3BC0BFA8DAD}.Release|x64.ActiveCfg = Release|Any CPU
		{B42D322B-FD9E-4063-9262-C3BC0BFA8DAD}.Release|x64.Build.0 = Release|Any CPU
		{B42D322B-FD9E-4063-9262-C3BC0BFA8DAD}.Release|x86.ActiveCfg = Release|Any CPU
		{B42D322B-FD9E-4063-9262-C3BC0BFA8DAD}.Release|x86.Build.0 = Release|Any CPU
		{80872AF3-0F06-4AD5-9645-B6FE98F4F0EF}.Debug|Any CPU.ActiveCfg = Debug|Any CPU
		{80872AF3-0F06-4AD5-9645-B6FE98F4F0EF}.Debug|Any CPU.Build.0 = Debug|Any CPU
		{80872AF3-0F06-4AD5-9645-B6FE98F4F0EF}.Debug|x64.ActiveCfg = Debug|Any CPU
		{80872AF3-0F06-4AD5-9645-B6FE98F4F0EF}.Debug|x64.Build.0 = Debug|Any CPU
		{80872AF3-0F06-4AD5-9645-B6FE98F4F0EF}.Debug|x86.ActiveCfg = Debug|Any CPU
		{80872AF3-0F06-4AD5-9645-B6FE98F4F0EF}.Debug|x86.Build.0 = Debug|Any CPU
		{80872AF3-0F06-4AD5-9645-B6FE98F4F0EF}.Release|Any CPU.ActiveCfg = Release|Any CPU
		{80872AF3-0F06-4AD5-9645-B6FE98F4F0EF}.Release|Any CPU.Build.0 = Release|Any CPU
		{80872AF3-0F06-4AD5-9645-B6FE98F4F0EF}.Release|x64.ActiveCfg = Release|Any CPU
		{80872AF3-0F06-4AD5-9645-B6FE98F4F0EF}.Release|x64.Build.0 = Release|Any CPU
		{80872AF3-0F06-4AD5-9645-B6FE98F4F0EF}.Release|x86.ActiveCfg = Release|Any CPU
		{80872AF3-0F06-4AD5-9645-B6FE98F4F0EF}.Release|x86.Build.0 = Release|Any CPU
		{54A26214-3991-42F8-B82D-F7CCEB2F280B}.Debug|Any CPU.ActiveCfg = Debug|Any CPU
		{54A26214-3991-42F8-B82D-F7CCEB2F280B}.Debug|Any CPU.Build.0 = Debug|Any CPU
		{54A26214-3991-42F8-B82D-F7CCEB2F280B}.Debug|x64.ActiveCfg = Debug|Any CPU
		{54A26214-3991-42F8-B82D-F7CCEB2F280B}.Debug|x64.Build.0 = Debug|Any CPU
		{54A26214-3991-42F8-B82D-F7CCEB2F280B}.Debug|x86.ActiveCfg = Debug|Any CPU
		{54A26214-3991-42F8-B82D-F7CCEB2F280B}.Debug|x86.Build.0 = Debug|Any CPU
		{54A26214-3991-42F8-B82D-F7CCEB2F280B}.Release|Any CPU.ActiveCfg = Release|Any CPU
		{54A26214-3991-42F8-B82D-F7CCEB2F280B}.Release|Any CPU.Build.0 = Release|Any CPU
		{54A26214-3991-42F8-B82D-F7CCEB2F280B}.Release|x64.ActiveCfg = Release|Any CPU
		{54A26214-3991-42F8-B82D-F7CCEB2F280B}.Release|x64.Build.0 = Release|Any CPU
		{54A26214-3991-42F8-B82D-F7CCEB2F280B}.Release|x86.ActiveCfg = Release|Any CPU
		{54A26214-3991-42F8-B82D-F7CCEB2F280B}.Release|x86.Build.0 = Release|Any CPU
		{69792C6D-90ED-490B-B109-B6DD18B9C024}.Debug|Any CPU.ActiveCfg = Debug|Any CPU
		{69792C6D-90ED-490B-B109-B6DD18B9C024}.Debug|Any CPU.Build.0 = Debug|Any CPU
		{69792C6D-90ED-490B-B109-B6DD18B9C024}.Debug|x64.ActiveCfg = Debug|Any CPU
		{69792C6D-90ED-490B-B109-B6DD18B9C024}.Debug|x64.Build.0 = Debug|Any CPU
		{69792C6D-90ED-490B-B109-B6DD18B9C024}.Debug|x86.ActiveCfg = Debug|Any CPU
		{69792C6D-90ED-490B-B109-B6DD18B9C024}.Debug|x86.Build.0 = Debug|Any CPU
		{69792C6D-90ED-490B-B109-B6DD18B9C024}.Release|Any CPU.ActiveCfg = Release|Any CPU
		{69792C6D-90ED-490B-B109-B6DD18B9C024}.Release|Any CPU.Build.0 = Release|Any CPU
		{69792C6D-90ED-490B-B109-B6DD18B9C024}.Release|x64.ActiveCfg = Release|Any CPU
		{69792C6D-90ED-490B-B109-B6DD18B9C024}.Release|x64.Build.0 = Release|Any CPU
		{69792C6D-90ED-490B-B109-B6DD18B9C024}.Release|x86.ActiveCfg = Release|Any CPU
		{69792C6D-90ED-490B-B109-B6DD18B9C024}.Release|x86.Build.0 = Release|Any CPU
		{835FFB50-4D86-4315-B313-E735C92C34A4}.Debug|Any CPU.ActiveCfg = Debug|Any CPU
		{835FFB50-4D86-4315-B313-E735C92C34A4}.Debug|Any CPU.Build.0 = Debug|Any CPU
		{835FFB50-4D86-4315-B313-E735C92C34A4}.Debug|x64.ActiveCfg = Debug|Any CPU
		{835FFB50-4D86-4315-B313-E735C92C34A4}.Debug|x64.Build.0 = Debug|Any CPU
		{835FFB50-4D86-4315-B313-E735C92C34A4}.Debug|x86.ActiveCfg = Debug|Any CPU
		{835FFB50-4D86-4315-B313-E735C92C34A4}.Debug|x86.Build.0 = Debug|Any CPU
		{835FFB50-4D86-4315-B313-E735C92C34A4}.Release|Any CPU.ActiveCfg = Release|Any CPU
		{835FFB50-4D86-4315-B313-E735C92C34A4}.Release|Any CPU.Build.0 = Release|Any CPU
		{835FFB50-4D86-4315-B313-E735C92C34A4}.Release|x64.ActiveCfg = Release|Any CPU
		{835FFB50-4D86-4315-B313-E735C92C34A4}.Release|x64.Build.0 = Release|Any CPU
		{835FFB50-4D86-4315-B313-E735C92C34A4}.Release|x86.ActiveCfg = Release|Any CPU
		{835FFB50-4D86-4315-B313-E735C92C34A4}.Release|x86.Build.0 = Release|Any CPU
		{C64B876E-AED3-41C5-AE14-569367E876E7}.Debug|Any CPU.ActiveCfg = Debug|Any CPU
		{C64B876E-AED3-41C5-AE14-569367E876E7}.Debug|Any CPU.Build.0 = Debug|Any CPU
		{C64B876E-AED3-41C5-AE14-569367E876E7}.Debug|x64.ActiveCfg = Debug|Any CPU
		{C64B876E-AED3-41C5-AE14-569367E876E7}.Debug|x64.Build.0 = Debug|Any CPU
		{C64B876E-AED3-41C5-AE14-569367E876E7}.Debug|x86.ActiveCfg = Debug|Any CPU
		{C64B876E-AED3-41C5-AE14-569367E876E7}.Debug|x86.Build.0 = Debug|Any CPU
		{C64B876E-AED3-41C5-AE14-569367E876E7}.Release|Any CPU.ActiveCfg = Release|Any CPU
		{C64B876E-AED3-41C5-AE14-569367E876E7}.Release|Any CPU.Build.0 = Release|Any CPU
		{C64B876E-AED3-41C5-AE14-569367E876E7}.Release|x64.ActiveCfg = Release|Any CPU
		{C64B876E-AED3-41C5-AE14-569367E876E7}.Release|x64.Build.0 = Release|Any CPU
		{C64B876E-AED3-41C5-AE14-569367E876E7}.Release|x86.ActiveCfg = Release|Any CPU
		{C64B876E-AED3-41C5-AE14-569367E876E7}.Release|x86.Build.0 = Release|Any CPU
	EndGlobalSection
	GlobalSection(SolutionProperties) = preSolution
		HideSolutionNode = FALSE
	EndGlobalSection
	GlobalSection(NestedProjects) = preSolution
		{B42D322B-FD9E-4063-9262-C3BC0BFA8DAD} = {827E0CD3-B72D-47B6-A68D-7590B98EB39B}
		{80872AF3-0F06-4AD5-9645-B6FE98F4F0EF} = {827E0CD3-B72D-47B6-A68D-7590B98EB39B}
		{54A26214-3991-42F8-B82D-F7CCEB2F280B} = {827E0CD3-B72D-47B6-A68D-7590B98EB39B}
		{69792C6D-90ED-490B-B109-B6DD18B9C024} = {827E0CD3-B72D-47B6-A68D-7590B98EB39B}
		{835FFB50-4D86-4315-B313-E735C92C34A4} = {827E0CD3-B72D-47B6-A68D-7590B98EB39B}
		{C64B876E-AED3-41C5-AE14-569367E876E7} = {827E0CD3-B72D-47B6-A68D-7590B98EB39B}
	EndGlobalSection
EndGlobal
